
Microsoft Visual Studio Solution File, Format Version 12.00
# Visual Studio Version 16
VisualStudioVersion = 16.0.30114.105
MinimumVisualStudioVersion = 10.0.40219.1
Project("{2150E333-8FDC-42A3-9474-1A3956D46DE8}") = "src", "src", "{12ABDD85-BAB5-4992-AB4E-84C1B7EF6CF8}"
EndProject
Project("{FAE04EC0-301F-11D3-BF4B-00C04F79EFBC}") = "CQRSDesignPattern", "src\CQRSDesignPattern\CQRSDesignPattern.csproj", "{51EEBF13-7464-4CDB-B026-DCD34BD2B853}"
EndProject
Global
	GlobalSection(SolutionConfigurationPlatforms) = preSolution
		Debug|Any CPU = Debug|Any CPU
		Debug|x64 = Debug|x64
		Debug|x86 = Debug|x86
		Release|Any CPU = Release|Any CPU
		Release|x64 = Release|x64
		Release|x86 = Release|x86
	EndGlobalSection
	GlobalSection(SolutionProperties) = preSolution
		HideSolutionNode = FALSE
	EndGlobalSection
	GlobalSection(ProjectConfigurationPlatforms) = postSolution
		{51EEBF13-7464-4CDB-B026-DCD34BD2B853}.Debug|Any CPU.ActiveCfg = Debug|Any CPU
		{51EEBF13-7464-4CDB-B026-DCD34BD2B853}.Debug|Any CPU.Build.0 = Debug|Any CPU
		{51EEBF13-7464-4CDB-B026-DCD34BD2B853}.Debug|x64.ActiveCfg = Debug|Any CPU
		{51EEBF13-7464-4CDB-B026-DCD34BD2B853}.Debug|x64.Build.0 = Debug|Any CPU
		{51EEBF13-7464-4CDB-B026-DCD34BD2B853}.Debug|x86.ActiveCfg = Debug|Any CPU
		{51EEBF13-7464-4CDB-B026-DCD34BD2B853}.Debug|x86.Build.0 = Debug|Any CPU
		{51EEBF13-7464-4CDB-B026-DCD34BD2B853}.Release|Any CPU.ActiveCfg = Release|Any CPU
		{51EEBF13-7464-4CDB-B026-DCD34BD2B853}.Release|Any CPU.Build.0 = Release|Any CPU
		{51EEBF13-7464-4CDB-B026-DCD34BD2B853}.Release|x64.ActiveCfg = Release|Any CPU
		{51EEBF13-7464-4CDB-B026-DCD34BD2B853}.Release|x64.Build.0 = Release|Any CPU
		{51EEBF13-7464-4CDB-B026-DCD34BD2B853}.Release|x86.ActiveCfg = Release|Any CPU
		{51EEBF13-7464-4CDB-B026-DCD34BD2B853}.Release|x86.Build.0 = Release|Any CPU
	EndGlobalSection
	GlobalSection(NestedProjects) = preSolution
		{51EEBF13-7464-4CDB-B026-DCD34BD2B853} = {12ABDD85-BAB5-4992-AB4E-84C1B7EF6CF8}
	EndGlobalSection
EndGlobal
